
Microsoft Visual Studio Solution File, Format Version 12.00
# Visual Studio Version 17
VisualStudioVersion = 17.4.33110.190
MinimumVisualStudioVersion = 10.0.40219.1
Project("{9A19103F-16F7-4668-BE54-9A1E7A4F7556}") = "ScriptExecutor", "ScriptExecutor\ScriptExecutor.csproj", "{6329C7B0-5582-4FAE-ABFF-000C5D302058}"
EndProject
Project("{9A19103F-16F7-4668-BE54-9A1E7A4F7556}") = "Contract", "Contract\Contract.csproj", "{8F1944FE-27AC-4C2E-B6E0-4BA5813BE0DD}"
EndProject
Project("{9A19103F-16F7-4668-BE54-9A1E7A4F7556}") = "ScriptLibrary", "ScriptLibrary\ScriptLibrary.csproj", "{E354963F-4223-4031-902C-464F39308558}"
EndProject
Project("{9A19103F-16F7-4668-BE54-9A1E7A4F7556}") = "Diagnostics", "Logger\Diagnostics.csproj", "{E7F303F0-DB12-4A00-82D3-B0AC2F35A85A}"
EndProject
Project("{9A19103F-16F7-4668-BE54-9A1E7A4F7556}") = "IOServerHost", "IOServerHost\IOServerHost.csproj", "{B21EEC56-E324-45AC-ACC1-E3ABF1F97F0D}"
EndProject
Project("{9A19103F-16F7-4668-BE54-9A1E7A4F7556}") = "IOServer", "IOServer\IOServer.csproj", "{41AC4FA7-E851-4B4A-92B9-196BE8727D26}"
EndProject
Project("{2150E333-8FDC-42A3-9474-1A3956D46DE8}") = "Framework", "Framework", "{51900A83-D802-45D8-B2F7-317A76DDF8FF}"
	ProjectSection(SolutionItems) = preProject
		ScriptLibrary\ScriptType.cs = ScriptLibrary\ScriptType.cs
	EndProjectSection
EndProject
Project("{2150E333-8FDC-42A3-9474-1A3956D46DE8}") = "ExternalData", "ExternalData", "{62359C33-A1D1-4AD9-978B-951ED7D71416}"
EndProject
Project("{9A19103F-16F7-4668-BE54-9A1E7A4F7556}") = "DataSource", "DataSource\DataSource.csproj", "{82933460-50DA-4441-BBFB-40F37402A1F1}"
EndProject
Project("{2150E333-8FDC-42A3-9474-1A3956D46DE8}") = "TestTool", "TestTool", "{73010732-9FFB-445D-9EB3-5DCD95EBD1EB}"
EndProject
Project("{9A19103F-16F7-4668-BE54-9A1E7A4F7556}") = "PlatformModel", "PlatformModel\PlatformModel.csproj", "{8EC60C79-67F2-4ACD-BD0A-8462B3A72049}"
EndProject
Project("{9A19103F-16F7-4668-BE54-9A1E7A4F7556}") = "ModelTest", "ModelTest\ModelTest.csproj", "{6E61A6EB-77EB-4487-889C-B9C937CCEA67}"
EndProject
Project("{9A19103F-16F7-4668-BE54-9A1E7A4F7556}") = "DeviceModel", "DeviceModel\DeviceModel.csproj", "{2DE1613F-EDB2-4667-8E6F-B96E463AEE7C}"
EndProject
Project("{2150E333-8FDC-42A3-9474-1A3956D46DE8}") = "Runtime", "Runtime", "{0CDE7822-1720-4FFA-9051-A93346D36B82}"
EndProject
Project("{9A19103F-16F7-4668-BE54-9A1E7A4F7556}") = "DBConnection", "DBConnection\DBConnection.csproj", "{82CD0CF7-EDFA-40F1-932A-2C9E62303932}"
EndProject
Project("{9A19103F-16F7-4668-BE54-9A1E7A4F7556}") = "MQTT", "MQTT\MQTT.csproj", "{FF506A61-720A-4CB1-A7CF-8B4CA49F4C24}"
EndProject
Project("{9A19103F-16F7-4668-BE54-9A1E7A4F7556}") = "MqttTest", "MqttTest\MqttTest.csproj", "{BFB34E80-D6B3-41EF-8331-A23906006149}"
EndProject
Project("{9A19103F-16F7-4668-BE54-9A1E7A4F7556}") = "App", "App\App.csproj", "{B0DC3CF2-3715-4A99-803A-B734ED29E753}"
EndProject
Project("{9A19103F-16F7-4668-BE54-9A1E7A4F7556}") = "Simulator", "DataSourceSimulator\Simulator.csproj", "{3FB44D75-3752-4BE2-BED7-4672830FA729}"
EndProject
Project("{9A19103F-16F7-4668-BE54-9A1E7A4F7556}") = "IOGateway", "IOGateway\IOGateway.csproj", "{49CFB8B6-B003-4C7D-B412-C4B030178A4B}"
EndProject
Project("{9A19103F-16F7-4668-BE54-9A1E7A4F7556}") = "ControlPanel", "ControlPanel\ControlPanel.csproj", "{D57C83F1-88AF-4CD9-872A-B2D1E4BDE8E6}"
EndProject
Project("{9A19103F-16F7-4668-BE54-9A1E7A4F7556}") = "LicenseTest", "LicenseTest\LicenseTest.csproj", "{2FCC0C92-393B-4A2D-8B7B-C861F2261402}"
EndProject
Project("{9A19103F-16F7-4668-BE54-9A1E7A4F7556}") = "Utility", "Utility\Utility.csproj", "{58076C58-BB2A-40E7-AA18-03E0D4A45969}"
EndProject
Project("{9A19103F-16F7-4668-BE54-9A1E7A4F7556}") = "LicenseMaker", "LicenseMaker\LicenseMaker.csproj", "{F8CF5380-004A-48D2-9DD1-6C6C7B6B29CB}"
EndProject
Project("{9A19103F-16F7-4668-BE54-9A1E7A4F7556}") = "ControlPanelWeb", "ControlPanelWeb\ControlPanelWeb.csproj", "{C56BD40A-8C72-4EA4-85BA-7465363566DC}"
EndProject
Project("{9A19103F-16F7-4668-BE54-9A1E7A4F7556}") = "ProcessTest", "ProcessTest\ProcessTest.csproj", "{EA74E52F-4907-44DD-ADEB-FF6B07B60EB3}"
EndProject
Project("{9A19103F-16F7-4668-BE54-9A1E7A4F7556}") = "InfluxDBConnection", "InfluxDBConnection\InfluxDBConnection.csproj", "{77BD304B-822B-49E6-9707-849DA45AA2F5}"
EndProject
Project("{2150E333-8FDC-42A3-9474-1A3956D46DE8}") = "IOT", "IOT", "{9AB2C003-D048-443E-9CFB-C60D6D3D3088}"
EndProject
Project("{9A19103F-16F7-4668-BE54-9A1E7A4F7556}") = "DBTest", "DBTest\DBTest.csproj", "{B50F4EC4-4C3C-447B-8621-D00D1F1A1647}"
EndProject
Project("{9A19103F-16F7-4668-BE54-9A1E7A4F7556}") = "NetSocket", "NetSocket\NetSocket.csproj", "{8C07C397-8772-4654-8C45-83C6F0FAE113}"
EndProject
Project("{9A19103F-16F7-4668-BE54-9A1E7A4F7556}") = "SocketTest", "SocketTest\SocketTest.csproj", "{ED00D2E4-B342-48E5-B1C9-1FC573122758}"
EndProject
Project("{9A19103F-16F7-4668-BE54-9A1E7A4F7556}") = "SocketClientTest", "SocketClientTest\SocketClientTest.csproj", "{8B8BB084-DDA1-43C1-AB2C-95C03EEF09D9}"
EndProject
Global
	GlobalSection(SolutionConfigurationPlatforms) = preSolution
		Debug|Any CPU = Debug|Any CPU
		Debug|x64 = Debug|x64
		Debug|x86 = Debug|x86
		Release|Any CPU = Release|Any CPU
		Release|x64 = Release|x64
		Release|x86 = Release|x86
	EndGlobalSection
	GlobalSection(ProjectConfigurationPlatforms) = postSolution
		{6329C7B0-5582-4FAE-ABFF-000C5D302058}.Debug|Any CPU.ActiveCfg = Debug|Any CPU
		{6329C7B0-5582-4FAE-ABFF-000C5D302058}.Debug|Any CPU.Build.0 = Debug|Any CPU
		{6329C7B0-5582-4FAE-ABFF-000C5D302058}.Debug|x64.ActiveCfg = Debug|Any CPU
		{6329C7B0-5582-4FAE-ABFF-000C5D302058}.Debug|x64.Build.0 = Debug|Any CPU
		{6329C7B0-5582-4FAE-ABFF-000C5D302058}.Debug|x86.ActiveCfg = Debug|Any CPU
		{6329C7B0-5582-4FAE-ABFF-000C5D302058}.Debug|x86.Build.0 = Debug|Any CPU
		{6329C7B0-5582-4FAE-ABFF-000C5D302058}.Release|Any CPU.ActiveCfg = Release|Any CPU
		{6329C7B0-5582-4FAE-ABFF-000C5D302058}.Release|Any CPU.Build.0 = Release|Any CPU
		{6329C7B0-5582-4FAE-ABFF-000C5D302058}.Release|x64.ActiveCfg = Release|Any CPU
		{6329C7B0-5582-4FAE-ABFF-000C5D302058}.Release|x64.Build.0 = Release|Any CPU
		{6329C7B0-5582-4FAE-ABFF-000C5D302058}.Release|x86.ActiveCfg = Release|Any CPU
		{6329C7B0-5582-4FAE-ABFF-000C5D302058}.Release|x86.Build.0 = Release|Any CPU
		{8F1944FE-27AC-4C2E-B6E0-4BA5813BE0DD}.Debug|Any CPU.ActiveCfg = Debug|Any CPU
		{8F1944FE-27AC-4C2E-B6E0-4BA5813BE0DD}.Debug|Any CPU.Build.0 = Debug|Any CPU
		{8F1944FE-27AC-4C2E-B6E0-4BA5813BE0DD}.Debug|x64.ActiveCfg = Debug|Any CPU
		{8F1944FE-27AC-4C2E-B6E0-4BA5813BE0DD}.Debug|x64.Build.0 = Debug|Any CPU
		{8F1944FE-27AC-4C2E-B6E0-4BA5813BE0DD}.Debug|x86.ActiveCfg = Debug|Any CPU
		{8F1944FE-27AC-4C2E-B6E0-4BA5813BE0DD}.Debug|x86.Build.0 = Debug|Any CPU
		{8F1944FE-27AC-4C2E-B6E0-4BA5813BE0DD}.Release|Any CPU.ActiveCfg = Release|Any CPU
		{8F1944FE-27AC-4C2E-B6E0-4BA5813BE0DD}.Release|Any CPU.Build.0 = Release|Any CPU
		{8F1944FE-27AC-4C2E-B6E0-4BA5813BE0DD}.Release|x64.ActiveCfg = Release|Any CPU
		{8F1944FE-27AC-4C2E-B6E0-4BA5813BE0DD}.Release|x64.Build.0 = Release|Any CPU
		{8F1944FE-27AC-4C2E-B6E0-4BA5813BE0DD}.Release|x86.ActiveCfg = Release|Any CPU
		{8F1944FE-27AC-4C2E-B6E0-4BA5813BE0DD}.Release|x86.Build.0 = Release|Any CPU
		{E354963F-4223-4031-902C-464F39308558}.Debug|Any CPU.ActiveCfg = Debug|Any CPU
		{E354963F-4223-4031-902C-464F39308558}.Debug|Any CPU.Build.0 = Debug|Any CPU
		{E354963F-4223-4031-902C-464F39308558}.Debug|x64.ActiveCfg = Debug|Any CPU
		{E354963F-4223-4031-902C-464F39308558}.Debug|x64.Build.0 = Debug|Any CPU
		{E354963F-4223-4031-902C-464F39308558}.Debug|x86.ActiveCfg = Debug|Any CPU
		{E354963F-4223-4031-902C-464F39308558}.Debug|x86.Build.0 = Debug|Any CPU
		{E354963F-4223-4031-902C-464F39308558}.Release|Any CPU.ActiveCfg = Release|Any CPU
		{E354963F-4223-4031-902C-464F39308558}.Release|Any CPU.Build.0 = Release|Any CPU
		{E354963F-4223-4031-902C-464F39308558}.Release|x64.ActiveCfg = Release|Any CPU
		{E354963F-4223-4031-902C-464F39308558}.Release|x64.Build.0 = Release|Any CPU
		{E354963F-4223-4031-902C-464F39308558}.Release|x86.ActiveCfg = Release|Any CPU
		{E354963F-4223-4031-902C-464F39308558}.Release|x86.Build.0 = Release|Any CPU
		{E7F303F0-DB12-4A00-82D3-B0AC2F35A85A}.Debug|Any CPU.ActiveCfg = Debug|Any CPU
		{E7F303F0-DB12-4A00-82D3-B0AC2F35A85A}.Debug|Any CPU.Build.0 = Debug|Any CPU
		{E7F303F0-DB12-4A00-82D3-B0AC2F35A85A}.Debug|x64.ActiveCfg = Debug|Any CPU
		{E7F303F0-DB12-4A00-82D3-B0AC2F35A85A}.Debug|x64.Build.0 = Debug|Any CPU
		{E7F303F0-DB12-4A00-82D3-B0AC2F35A85A}.Debug|x86.ActiveCfg = Debug|Any CPU
		{E7F303F0-DB12-4A00-82D3-B0AC2F35A85A}.Debug|x86.Build.0 = Debug|Any CPU
		{E7F303F0-DB12-4A00-82D3-B0AC2F35A85A}.Release|Any CPU.ActiveCfg = Release|Any CPU
		{E7F303F0-DB12-4A00-82D3-B0AC2F35A85A}.Release|Any CPU.Build.0 = Release|Any CPU
		{E7F303F0-DB12-4A00-82D3-B0AC2F35A85A}.Release|x64.ActiveCfg = Release|Any CPU
		{E7F303F0-DB12-4A00-82D3-B0AC2F35A85A}.Release|x64.Build.0 = Release|Any CPU
		{E7F303F0-DB12-4A00-82D3-B0AC2F35A85A}.Release|x86.ActiveCfg = Release|Any CPU
		{E7F303F0-DB12-4A00-82D3-B0AC2F35A85A}.Release|x86.Build.0 = Release|Any CPU
		{B21EEC56-E324-45AC-ACC1-E3ABF1F97F0D}.Debug|Any CPU.ActiveCfg = Debug|Any CPU
		{B21EEC56-E324-45AC-ACC1-E3ABF1F97F0D}.Debug|Any CPU.Build.0 = Debug|Any CPU
		{B21EEC56-E324-45AC-ACC1-E3ABF1F97F0D}.Debug|x64.ActiveCfg = Debug|Any CPU
		{B21EEC56-E324-45AC-ACC1-E3ABF1F97F0D}.Debug|x64.Build.0 = Debug|Any CPU
		{B21EEC56-E324-45AC-ACC1-E3ABF1F97F0D}.Debug|x86.ActiveCfg = Debug|Any CPU
		{B21EEC56-E324-45AC-ACC1-E3ABF1F97F0D}.Debug|x86.Build.0 = Debug|Any CPU
		{B21EEC56-E324-45AC-ACC1-E3ABF1F97F0D}.Release|Any CPU.ActiveCfg = Release|Any CPU
		{B21EEC56-E324-45AC-ACC1-E3ABF1F97F0D}.Release|Any CPU.Build.0 = Release|Any CPU
		{B21EEC56-E324-45AC-ACC1-E3ABF1F97F0D}.Release|x64.ActiveCfg = Release|Any CPU
		{B21EEC56-E324-45AC-ACC1-E3ABF1F97F0D}.Release|x64.Build.0 = Release|Any CPU
		{B21EEC56-E324-45AC-ACC1-E3ABF1F97F0D}.Release|x86.ActiveCfg = Release|Any CPU
		{B21EEC56-E324-45AC-ACC1-E3ABF1F97F0D}.Release|x86.Build.0 = Release|Any CPU
		{41AC4FA7-E851-4B4A-92B9-196BE8727D26}.Debug|Any CPU.ActiveCfg = Debug|Any CPU
		{41AC4FA7-E851-4B4A-92B9-196BE8727D26}.Debug|Any CPU.Build.0 = Debug|Any CPU
		{41AC4FA7-E851-4B4A-92B9-196BE8727D26}.Debug|x64.ActiveCfg = Debug|Any CPU
		{41AC4FA7-E851-4B4A-92B9-196BE8727D26}.Debug|x64.Build.0 = Debug|Any CPU
		{41AC4FA7-E851-4B4A-92B9-196BE8727D26}.Debug|x86.ActiveCfg = Debug|Any CPU
		{41AC4FA7-E851-4B4A-92B9-196BE8727D26}.Debug|x86.Build.0 = Debug|Any CPU
		{41AC4FA7-E851-4B4A-92B9-196BE8727D26}.Release|Any CPU.ActiveCfg = Release|Any CPU
		{41AC4FA7-E851-4B4A-92B9-196BE8727D26}.Release|Any CPU.Build.0 = Release|Any CPU
		{41AC4FA7-E851-4B4A-92B9-196BE8727D26}.Release|x64.ActiveCfg = Release|Any CPU
		{41AC4FA7-E851-4B4A-92B9-196BE8727D26}.Release|x64.Build.0 = Release|Any CPU
		{41AC4FA7-E851-4B4A-92B9-196BE8727D26}.Release|x86.ActiveCfg = Release|Any CPU
		{41AC4FA7-E851-4B4A-92B9-196BE8727D26}.Release|x86.Build.0 = Release|Any CPU
		{82933460-50DA-4441-BBFB-40F37402A1F1}.Debug|Any CPU.ActiveCfg = Debug|Any CPU
		{82933460-50DA-4441-BBFB-40F37402A1F1}.Debug|Any CPU.Build.0 = Debug|Any CPU
		{82933460-50DA-4441-BBFB-40F37402A1F1}.Debug|x64.ActiveCfg = Debug|Any CPU
		{82933460-50DA-4441-BBFB-40F37402A1F1}.Debug|x64.Build.0 = Debug|Any CPU
		{82933460-50DA-4441-BBFB-40F37402A1F1}.Debug|x86.ActiveCfg = Debug|Any CPU
		{82933460-50DA-4441-BBFB-40F37402A1F1}.Debug|x86.Build.0 = Debug|Any CPU
		{82933460-50DA-4441-BBFB-40F37402A1F1}.Release|Any CPU.ActiveCfg = Release|Any CPU
		{82933460-50DA-4441-BBFB-40F37402A1F1}.Release|Any CPU.Build.0 = Release|Any CPU
		{82933460-50DA-4441-BBFB-40F37402A1F1}.Release|x64.ActiveCfg = Release|Any CPU
		{82933460-50DA-4441-BBFB-40F37402A1F1}.Release|x64.Build.0 = Release|Any CPU
		{82933460-50DA-4441-BBFB-40F37402A1F1}.Release|x86.ActiveCfg = Release|Any CPU
		{82933460-50DA-4441-BBFB-40F37402A1F1}.Release|x86.Build.0 = Release|Any CPU
		{8EC60C79-67F2-4ACD-BD0A-8462B3A72049}.Debug|Any CPU.ActiveCfg = Debug|Any CPU
		{8EC60C79-67F2-4ACD-BD0A-8462B3A72049}.Debug|Any CPU.Build.0 = Debug|Any CPU
		{8EC60C79-67F2-4ACD-BD0A-8462B3A72049}.Debug|x64.ActiveCfg = Debug|Any CPU
		{8EC60C79-67F2-4ACD-BD0A-8462B3A72049}.Debug|x64.Build.0 = Debug|Any CPU
		{8EC60C79-67F2-4ACD-BD0A-8462B3A72049}.Debug|x86.ActiveCfg = Debug|Any CPU
		{8EC60C79-67F2-4ACD-BD0A-8462B3A72049}.Debug|x86.Build.0 = Debug|Any CPU
		{8EC60C79-67F2-4ACD-BD0A-8462B3A72049}.Release|Any CPU.ActiveCfg = Release|Any CPU
		{8EC60C79-67F2-4ACD-BD0A-8462B3A72049}.Release|Any CPU.Build.0 = Release|Any CPU
		{8EC60C79-67F2-4ACD-BD0A-8462B3A72049}.Release|x64.ActiveCfg = Release|Any CPU
		{8EC60C79-67F2-4ACD-BD0A-8462B3A72049}.Release|x64.Build.0 = Release|Any CPU
		{8EC60C79-67F2-4ACD-BD0A-8462B3A72049}.Release|x86.ActiveCfg = Release|Any CPU
		{8EC60C79-67F2-4ACD-BD0A-8462B3A72049}.Release|x86.Build.0 = Release|Any CPU
		{6E61A6EB-77EB-4487-889C-B9C937CCEA67}.Debug|Any CPU.ActiveCfg = Debug|Any CPU
		{6E61A6EB-77EB-4487-889C-B9C937CCEA67}.Debug|Any CPU.Build.0 = Debug|Any CPU
		{6E61A6EB-77EB-4487-889C-B9C937CCEA67}.Debug|x64.ActiveCfg = Debug|Any CPU
		{6E61A6EB-77EB-4487-889C-B9C937CCEA67}.Debug|x64.Build.0 = Debug|Any CPU
		{6E61A6EB-77EB-4487-889C-B9C937CCEA67}.Debug|x86.ActiveCfg = Debug|Any CPU
		{6E61A6EB-77EB-4487-889C-B9C937CCEA67}.Debug|x86.Build.0 = Debug|Any CPU
		{6E61A6EB-77EB-4487-889C-B9C937CCEA67}.Release|Any CPU.ActiveCfg = Release|Any CPU
		{6E61A6EB-77EB-4487-889C-B9C937CCEA67}.Release|Any CPU.Build.0 = Release|Any CPU
		{6E61A6EB-77EB-4487-889C-B9C937CCEA67}.Release|x64.ActiveCfg = Release|Any CPU
		{6E61A6EB-77EB-4487-889C-B9C937CCEA67}.Release|x64.Build.0 = Release|Any CPU
		{6E61A6EB-77EB-4487-889C-B9C937CCEA67}.Release|x86.ActiveCfg = Release|Any CPU
		{6E61A6EB-77EB-4487-889C-B9C937CCEA67}.Release|x86.Build.0 = Release|Any CPU
		{2DE1613F-EDB2-4667-8E6F-B96E463AEE7C}.Debug|Any CPU.ActiveCfg = Debug|Any CPU
		{2DE1613F-EDB2-4667-8E6F-B96E463AEE7C}.Debug|Any CPU.Build.0 = Debug|Any CPU
		{2DE1613F-EDB2-4667-8E6F-B96E463AEE7C}.Debug|x64.ActiveCfg = Debug|Any CPU
		{2DE1613F-EDB2-4667-8E6F-B96E463AEE7C}.Debug|x64.Build.0 = Debug|Any CPU
		{2DE1613F-EDB2-4667-8E6F-B96E463AEE7C}.Debug|x86.ActiveCfg = Debug|Any CPU
		{2DE1613F-EDB2-4667-8E6F-B96E463AEE7C}.Debug|x86.Build.0 = Debug|Any CPU
		{2DE1613F-EDB2-4667-8E6F-B96E463AEE7C}.Release|Any CPU.ActiveCfg = Release|Any CPU
		{2DE1613F-EDB2-4667-8E6F-B96E463AEE7C}.Release|Any CPU.Build.0 = Release|Any CPU
		{2DE1613F-EDB2-4667-8E6F-B96E463AEE7C}.Release|x64.ActiveCfg = Release|Any CPU
		{2DE1613F-EDB2-4667-8E6F-B96E463AEE7C}.Release|x64.Build.0 = Release|Any CPU
		{2DE1613F-EDB2-4667-8E6F-B96E463AEE7C}.Release|x86.ActiveCfg = Release|Any CPU
		{2DE1613F-EDB2-4667-8E6F-B96E463AEE7C}.Release|x86.Build.0 = Release|Any CPU
		{82CD0CF7-EDFA-40F1-932A-2C9E62303932}.Debug|Any CPU.ActiveCfg = Debug|Any CPU
		{82CD0CF7-EDFA-40F1-932A-2C9E62303932}.Debug|Any CPU.Build.0 = Debug|Any CPU
		{82CD0CF7-EDFA-40F1-932A-2C9E62303932}.Debug|x64.ActiveCfg = Debug|Any CPU
		{82CD0CF7-EDFA-40F1-932A-2C9E62303932}.Debug|x64.Build.0 = Debug|Any CPU
		{82CD0CF7-EDFA-40F1-932A-2C9E62303932}.Debug|x86.ActiveCfg = Debug|Any CPU
		{82CD0CF7-EDFA-40F1-932A-2C9E62303932}.Debug|x86.Build.0 = Debug|Any CPU
		{82CD0CF7-EDFA-40F1-932A-2C9E62303932}.Release|Any CPU.ActiveCfg = Release|Any CPU
		{82CD0CF7-EDFA-40F1-932A-2C9E62303932}.Release|Any CPU.Build.0 = Release|Any CPU
		{82CD0CF7-EDFA-40F1-932A-2C9E62303932}.Release|x64.ActiveCfg = Release|Any CPU
		{82CD0CF7-EDFA-40F1-932A-2C9E62303932}.Release|x64.Build.0 = Release|Any CPU
		{82CD0CF7-EDFA-40F1-932A-2C9E62303932}.Release|x86.ActiveCfg = Release|Any CPU
		{82CD0CF7-EDFA-40F1-932A-2C9E62303932}.Release|x86.Build.0 = Release|Any CPU
		{FF506A61-720A-4CB1-A7CF-8B4CA49F4C24}.Debug|Any CPU.ActiveCfg = Debug|Any CPU
		{FF506A61-720A-4CB1-A7CF-8B4CA49F4C24}.Debug|Any CPU.Build.0 = Debug|Any CPU
		{FF506A61-720A-4CB1-A7CF-8B4CA49F4C24}.Debug|x64.ActiveCfg = Debug|Any CPU
		{FF506A61-720A-4CB1-A7CF-8B4CA49F4C24}.Debug|x64.Build.0 = Debug|Any CPU
		{FF506A61-720A-4CB1-A7CF-8B4CA49F4C24}.Debug|x86.ActiveCfg = Debug|Any CPU
		{FF506A61-720A-4CB1-A7CF-8B4CA49F4C24}.Debug|x86.Build.0 = Debug|Any CPU
		{FF506A61-720A-4CB1-A7CF-8B4CA49F4C24}.Release|Any CPU.ActiveCfg = Release|Any CPU
		{FF506A61-720A-4CB1-A7CF-8B4CA49F4C24}.Release|Any CPU.Build.0 = Release|Any CPU
		{FF506A61-720A-4CB1-A7CF-8B4CA49F4C24}.Release|x64.ActiveCfg = Release|Any CPU
		{FF506A61-720A-4CB1-A7CF-8B4CA49F4C24}.Release|x64.Build.0 = Release|Any CPU
		{FF506A61-720A-4CB1-A7CF-8B4CA49F4C24}.Release|x86.ActiveCfg = Release|Any CPU
		{FF506A61-720A-4CB1-A7CF-8B4CA49F4C24}.Release|x86.Build.0 = Release|Any CPU
		{BFB34E80-D6B3-41EF-8331-A23906006149}.Debug|Any CPU.ActiveCfg = Debug|Any CPU
		{BFB34E80-D6B3-41EF-8331-A23906006149}.Debug|Any CPU.Build.0 = Debug|Any CPU
		{BFB34E80-D6B3-41EF-8331-A23906006149}.Debug|x64.ActiveCfg = Debug|Any CPU
		{BFB34E80-D6B3-41EF-8331-A23906006149}.Debug|x64.Build.0 = Debug|Any CPU
		{BFB34E80-D6B3-41EF-8331-A23906006149}.Debug|x86.ActiveCfg = Debug|Any CPU
		{BFB34E80-D6B3-41EF-8331-A23906006149}.Debug|x86.Build.0 = Debug|Any CPU
		{BFB34E80-D6B3-41EF-8331-A23906006149}.Release|Any CPU.ActiveCfg = Release|Any CPU
		{BFB34E80-D6B3-41EF-8331-A23906006149}.Release|Any CPU.Build.0 = Release|Any CPU
		{BFB34E80-D6B3-41EF-8331-A23906006149}.Release|x64.ActiveCfg = Release|Any CPU
		{BFB34E80-D6B3-41EF-8331-A23906006149}.Release|x64.Build.0 = Release|Any CPU
		{BFB34E80-D6B3-41EF-8331-A23906006149}.Release|x86.ActiveCfg = Release|Any CPU
		{BFB34E80-D6B3-41EF-8331-A23906006149}.Release|x86.Build.0 = Release|Any CPU
		{B0DC3CF2-3715-4A99-803A-B734ED29E753}.Debug|Any CPU.ActiveCfg = Debug|Any CPU
		{B0DC3CF2-3715-4A99-803A-B734ED29E753}.Debug|Any CPU.Build.0 = Debug|Any CPU
		{B0DC3CF2-3715-4A99-803A-B734ED29E753}.Debug|x64.ActiveCfg = Debug|Any CPU
		{B0DC3CF2-3715-4A99-803A-B734ED29E753}.Debug|x64.Build.0 = Debug|Any CPU
		{B0DC3CF2-3715-4A99-803A-B734ED29E753}.Debug|x86.ActiveCfg = Debug|Any CPU
		{B0DC3CF2-3715-4A99-803A-B734ED29E753}.Debug|x86.Build.0 = Debug|Any CPU
		{B0DC3CF2-3715-4A99-803A-B734ED29E753}.Release|Any CPU.ActiveCfg = Release|Any CPU
		{B0DC3CF2-3715-4A99-803A-B734ED29E753}.Release|Any CPU.Build.0 = Release|Any CPU
		{B0DC3CF2-3715-4A99-803A-B734ED29E753}.Release|x64.ActiveCfg = Release|Any CPU
		{B0DC3CF2-3715-4A99-803A-B734ED29E753}.Release|x64.Build.0 = Release|Any CPU
		{B0DC3CF2-3715-4A99-803A-B734ED29E753}.Release|x86.ActiveCfg = Release|Any CPU
		{B0DC3CF2-3715-4A99-803A-B734ED29E753}.Release|x86.Build.0 = Release|Any CPU
		{3FB44D75-3752-4BE2-BED7-4672830FA729}.Debug|Any CPU.ActiveCfg = Debug|Any CPU
		{3FB44D75-3752-4BE2-BED7-4672830FA729}.Debug|Any CPU.Build.0 = Debug|Any CPU
		{3FB44D75-3752-4BE2-BED7-4672830FA729}.Debug|x64.ActiveCfg = Debug|Any CPU
		{3FB44D75-3752-4BE2-BED7-4672830FA729}.Debug|x64.Build.0 = Debug|Any CPU
		{3FB44D75-3752-4BE2-BED7-4672830FA729}.Debug|x86.ActiveCfg = Debug|Any CPU
		{3FB44D75-3752-4BE2-BED7-4672830FA729}.Debug|x86.Build.0 = Debug|Any CPU
		{3FB44D75-3752-4BE2-BED7-4672830FA729}.Release|Any CPU.ActiveCfg = Release|Any CPU
		{3FB44D75-3752-4BE2-BED7-4672830FA729}.Release|Any CPU.Build.0 = Release|Any CPU
		{3FB44D75-3752-4BE2-BED7-4672830FA729}.Release|x64.ActiveCfg = Release|Any CPU
		{3FB44D75-3752-4BE2-BED7-4672830FA729}.Release|x64.Build.0 = Release|Any CPU
		{3FB44D75-3752-4BE2-BED7-4672830FA729}.Release|x86.ActiveCfg = Release|Any CPU
		{3FB44D75-3752-4BE2-BED7-4672830FA729}.Release|x86.Build.0 = Release|Any CPU
		{49CFB8B6-B003-4C7D-B412-C4B030178A4B}.Debug|Any CPU.ActiveCfg = Debug|Any CPU
		{49CFB8B6-B003-4C7D-B412-C4B030178A4B}.Debug|Any CPU.Build.0 = Debug|Any CPU
		{49CFB8B6-B003-4C7D-B412-C4B030178A4B}.Debug|x64.ActiveCfg = Debug|Any CPU
		{49CFB8B6-B003-4C7D-B412-C4B030178A4B}.Debug|x64.Build.0 = Debug|Any CPU
		{49CFB8B6-B003-4C7D-B412-C4B030178A4B}.Debug|x86.ActiveCfg = Debug|Any CPU
		{49CFB8B6-B003-4C7D-B412-C4B030178A4B}.Debug|x86.Build.0 = Debug|Any CPU
		{49CFB8B6-B003-4C7D-B412-C4B030178A4B}.Release|Any CPU.ActiveCfg = Release|Any CPU
		{49CFB8B6-B003-4C7D-B412-C4B030178A4B}.Release|Any CPU.Build.0 = Release|Any CPU
		{49CFB8B6-B003-4C7D-B412-C4B030178A4B}.Release|x64.ActiveCfg = Release|Any CPU
		{49CFB8B6-B003-4C7D-B412-C4B030178A4B}.Release|x64.Build.0 = Release|Any CPU
		{49CFB8B6-B003-4C7D-B412-C4B030178A4B}.Release|x86.ActiveCfg = Release|Any CPU
		{49CFB8B6-B003-4C7D-B412-C4B030178A4B}.Release|x86.Build.0 = Release|Any CPU
		{D57C83F1-88AF-4CD9-872A-B2D1E4BDE8E6}.Debug|Any CPU.ActiveCfg = Debug|Any CPU
		{D57C83F1-88AF-4CD9-872A-B2D1E4BDE8E6}.Debug|Any CPU.Build.0 = Debug|Any CPU
		{D57C83F1-88AF-4CD9-872A-B2D1E4BDE8E6}.Debug|x64.ActiveCfg = Debug|Any CPU
		{D57C83F1-88AF-4CD9-872A-B2D1E4BDE8E6}.Debug|x64.Build.0 = Debug|Any CPU
		{D57C83F1-88AF-4CD9-872A-B2D1E4BDE8E6}.Debug|x86.ActiveCfg = Debug|Any CPU
		{D57C83F1-88AF-4CD9-872A-B2D1E4BDE8E6}.Debug|x86.Build.0 = Debug|Any CPU
		{D57C83F1-88AF-4CD9-872A-B2D1E4BDE8E6}.Release|Any CPU.ActiveCfg = Release|Any CPU
		{D57C83F1-88AF-4CD9-872A-B2D1E4BDE8E6}.Release|Any CPU.Build.0 = Release|Any CPU
		{D57C83F1-88AF-4CD9-872A-B2D1E4BDE8E6}.Release|x64.ActiveCfg = Release|Any CPU
		{D57C83F1-88AF-4CD9-872A-B2D1E4BDE8E6}.Release|x64.Build.0 = Release|Any CPU
		{D57C83F1-88AF-4CD9-872A-B2D1E4BDE8E6}.Release|x86.ActiveCfg = Release|Any CPU
		{D57C83F1-88AF-4CD9-872A-B2D1E4BDE8E6}.Release|x86.Build.0 = Release|Any CPU
		{2FCC0C92-393B-4A2D-8B7B-C861F2261402}.Debug|Any CPU.ActiveCfg = Debug|Any CPU
		{2FCC0C92-393B-4A2D-8B7B-C861F2261402}.Debug|Any CPU.Build.0 = Debug|Any CPU
		{2FCC0C92-393B-4A2D-8B7B-C861F2261402}.Debug|x64.ActiveCfg = Debug|Any CPU
		{2FCC0C92-393B-4A2D-8B7B-C861F2261402}.Debug|x64.Build.0 = Debug|Any CPU
		{2FCC0C92-393B-4A2D-8B7B-C861F2261402}.Debug|x86.ActiveCfg = Debug|Any CPU
		{2FCC0C92-393B-4A2D-8B7B-C861F2261402}.Debug|x86.Build.0 = Debug|Any CPU
		{2FCC0C92-393B-4A2D-8B7B-C861F2261402}.Release|Any CPU.ActiveCfg = Release|Any CPU
		{2FCC0C92-393B-4A2D-8B7B-C861F2261402}.Release|Any CPU.Build.0 = Release|Any CPU
		{2FCC0C92-393B-4A2D-8B7B-C861F2261402}.Release|x64.ActiveCfg = Release|Any CPU
		{2FCC0C92-393B-4A2D-8B7B-C861F2261402}.Release|x64.Build.0 = Release|Any CPU
		{2FCC0C92-393B-4A2D-8B7B-C861F2261402}.Release|x86.ActiveCfg = Release|Any CPU
		{2FCC0C92-393B-4A2D-8B7B-C861F2261402}.Release|x86.Build.0 = Release|Any CPU
		{58076C58-BB2A-40E7-AA18-03E0D4A45969}.Debug|Any CPU.ActiveCfg = Debug|Any CPU
		{58076C58-BB2A-40E7-AA18-03E0D4A45969}.Debug|Any CPU.Build.0 = Debug|Any CPU
		{58076C58-BB2A-40E7-AA18-03E0D4A45969}.Debug|x64.ActiveCfg = Debug|Any CPU
		{58076C58-BB2A-40E7-AA18-03E0D4A45969}.Debug|x64.Build.0 = Debug|Any CPU
		{58076C58-BB2A-40E7-AA18-03E0D4A45969}.Debug|x86.ActiveCfg = Debug|Any CPU
		{58076C58-BB2A-40E7-AA18-03E0D4A45969}.Debug|x86.Build.0 = Debug|Any CPU
		{58076C58-BB2A-40E7-AA18-03E0D4A45969}.Release|Any CPU.ActiveCfg = Release|Any CPU
		{58076C58-BB2A-40E7-AA18-03E0D4A45969}.Release|Any CPU.Build.0 = Release|Any CPU
		{58076C58-BB2A-40E7-AA18-03E0D4A45969}.Release|x64.ActiveCfg = Release|Any CPU
		{58076C58-BB2A-40E7-AA18-03E0D4A45969}.Release|x64.Build.0 = Release|Any CPU
		{58076C58-BB2A-40E7-AA18-03E0D4A45969}.Release|x86.ActiveCfg = Release|Any CPU
		{58076C58-BB2A-40E7-AA18-03E0D4A45969}.Release|x86.Build.0 = Release|Any CPU
		{F8CF5380-004A-48D2-9DD1-6C6C7B6B29CB}.Debug|Any CPU.ActiveCfg = Debug|Any CPU
		{F8CF5380-004A-48D2-9DD1-6C6C7B6B29CB}.Debug|Any CPU.Build.0 = Debug|Any CPU
		{F8CF5380-004A-48D2-9DD1-6C6C7B6B29CB}.Debug|x64.ActiveCfg = Debug|Any CPU
		{F8CF5380-004A-48D2-9DD1-6C6C7B6B29CB}.Debug|x64.Build.0 = Debug|Any CPU
		{F8CF5380-004A-48D2-9DD1-6C6C7B6B29CB}.Debug|x86.ActiveCfg = Debug|Any CPU
		{F8CF5380-004A-48D2-9DD1-6C6C7B6B29CB}.Debug|x86.Build.0 = Debug|Any CPU
		{F8CF5380-004A-48D2-9DD1-6C6C7B6B29CB}.Release|Any CPU.ActiveCfg = Release|Any CPU
		{F8CF5380-004A-48D2-9DD1-6C6C7B6B29CB}.Release|Any CPU.Build.0 = Release|Any CPU
		{F8CF5380-004A-48D2-9DD1-6C6C7B6B29CB}.Release|x64.ActiveCfg = Release|Any CPU
		{F8CF5380-004A-48D2-9DD1-6C6C7B6B29CB}.Release|x64.Build.0 = Release|Any CPU
		{F8CF5380-004A-48D2-9DD1-6C6C7B6B29CB}.Release|x86.ActiveCfg = Release|Any CPU
		{F8CF5380-004A-48D2-9DD1-6C6C7B6B29CB}.Release|x86.Build.0 = Release|Any CPU
		{C56BD40A-8C72-4EA4-85BA-7465363566DC}.Debug|Any CPU.ActiveCfg = Debug|Any CPU
		{C56BD40A-8C72-4EA4-85BA-7465363566DC}.Debug|Any CPU.Build.0 = Debug|Any CPU
		{C56BD40A-8C72-4EA4-85BA-7465363566DC}.Debug|x64.ActiveCfg = Debug|Any CPU
		{C56BD40A-8C72-4EA4-85BA-7465363566DC}.Debug|x64.Build.0 = Debug|Any CPU
		{C56BD40A-8C72-4EA4-85BA-7465363566DC}.Debug|x86.ActiveCfg = Debug|Any CPU
		{C56BD40A-8C72-4EA4-85BA-7465363566DC}.Debug|x86.Build.0 = Debug|Any CPU
		{C56BD40A-8C72-4EA4-85BA-7465363566DC}.Release|Any CPU.ActiveCfg = Release|Any CPU
		{C56BD40A-8C72-4EA4-85BA-7465363566DC}.Release|Any CPU.Build.0 = Release|Any CPU
		{C56BD40A-8C72-4EA4-85BA-7465363566DC}.Release|x64.ActiveCfg = Release|Any CPU
		{C56BD40A-8C72-4EA4-85BA-7465363566DC}.Release|x64.Build.0 = Release|Any CPU
		{C56BD40A-8C72-4EA4-85BA-7465363566DC}.Release|x86.ActiveCfg = Release|Any CPU
		{C56BD40A-8C72-4EA4-85BA-7465363566DC}.Release|x86.Build.0 = Release|Any CPU
		{EA74E52F-4907-44DD-ADEB-FF6B07B60EB3}.Debug|Any CPU.ActiveCfg = Debug|Any CPU
		{EA74E52F-4907-44DD-ADEB-FF6B07B60EB3}.Debug|Any CPU.Build.0 = Debug|Any CPU
		{EA74E52F-4907-44DD-ADEB-FF6B07B60EB3}.Debug|x64.ActiveCfg = Debug|Any CPU
		{EA74E52F-4907-44DD-ADEB-FF6B07B60EB3}.Debug|x64.Build.0 = Debug|Any CPU
		{EA74E52F-4907-44DD-ADEB-FF6B07B60EB3}.Debug|x86.ActiveCfg = Debug|Any CPU
		{EA74E52F-4907-44DD-ADEB-FF6B07B60EB3}.Debug|x86.Build.0 = Debug|Any CPU
		{EA74E52F-4907-44DD-ADEB-FF6B07B60EB3}.Release|Any CPU.ActiveCfg = Release|Any CPU
		{EA74E52F-4907-44DD-ADEB-FF6B07B60EB3}.Release|Any CPU.Build.0 = Release|Any CPU
		{EA74E52F-4907-44DD-ADEB-FF6B07B60EB3}.Release|x64.ActiveCfg = Release|Any CPU
		{EA74E52F-4907-44DD-ADEB-FF6B07B60EB3}.Release|x64.Build.0 = Release|Any CPU
		{EA74E52F-4907-44DD-ADEB-FF6B07B60EB3}.Release|x86.ActiveCfg = Release|Any CPU
		{EA74E52F-4907-44DD-ADEB-FF6B07B60EB3}.Release|x86.Build.0 = Release|Any CPU
		{77BD304B-822B-49E6-9707-849DA45AA2F5}.Debug|Any CPU.ActiveCfg = Debug|Any CPU
		{77BD304B-822B-49E6-9707-849DA45AA2F5}.Debug|Any CPU.Build.0 = Debug|Any CPU
		{77BD304B-822B-49E6-9707-849DA45AA2F5}.Debug|x64.ActiveCfg = Debug|Any CPU
		{77BD304B-822B-49E6-9707-849DA45AA2F5}.Debug|x64.Build.0 = Debug|Any CPU
		{77BD304B-822B-49E6-9707-849DA45AA2F5}.Debug|x86.ActiveCfg = Debug|Any CPU
		{77BD304B-822B-49E6-9707-849DA45AA2F5}.Debug|x86.Build.0 = Debug|Any CPU
		{77BD304B-822B-49E6-9707-849DA45AA2F5}.Release|Any CPU.ActiveCfg = Release|Any CPU
		{77BD304B-822B-49E6-9707-849DA45AA2F5}.Release|Any CPU.Build.0 = Release|Any CPU
		{77BD304B-822B-49E6-9707-849DA45AA2F5}.Release|x64.ActiveCfg = Release|Any CPU
		{77BD304B-822B-49E6-9707-849DA45AA2F5}.Release|x64.Build.0 = Release|Any CPU
		{77BD304B-822B-49E6-9707-849DA45AA2F5}.Release|x86.ActiveCfg = Release|Any CPU
		{77BD304B-822B-49E6-9707-849DA45AA2F5}.Release|x86.Build.0 = Release|Any CPU
		{B50F4EC4-4C3C-447B-8621-D00D1F1A1647}.Debug|Any CPU.ActiveCfg = Debug|Any CPU
		{B50F4EC4-4C3C-447B-8621-D00D1F1A1647}.Debug|Any CPU.Build.0 = Debug|Any CPU
		{B50F4EC4-4C3C-447B-8621-D00D1F1A1647}.Debug|x64.ActiveCfg = Debug|Any CPU
		{B50F4EC4-4C3C-447B-8621-D00D1F1A1647}.Debug|x64.Build.0 = Debug|Any CPU
		{B50F4EC4-4C3C-447B-8621-D00D1F1A1647}.Debug|x86.ActiveCfg = Debug|Any CPU
		{B50F4EC4-4C3C-447B-8621-D00D1F1A1647}.Debug|x86.Build.0 = Debug|Any CPU
		{B50F4EC4-4C3C-447B-8621-D00D1F1A1647}.Release|Any CPU.ActiveCfg = Release|Any CPU
		{B50F4EC4-4C3C-447B-8621-D00D1F1A1647}.Release|Any CPU.Build.0 = Release|Any CPU
		{B50F4EC4-4C3C-447B-8621-D00D1F1A1647}.Release|x64.ActiveCfg = Release|Any CPU
		{B50F4EC4-4C3C-447B-8621-D00D1F1A1647}.Release|x64.Build.0 = Release|Any CPU
		{B50F4EC4-4C3C-447B-8621-D00D1F1A1647}.Release|x86.ActiveCfg = Release|Any CPU
		{B50F4EC4-4C3C-447B-8621-D00D1F1A1647}.Release|x86.Build.0 = Release|Any CPU
		{8C07C397-8772-4654-8C45-83C6F0FAE113}.Debug|Any CPU.ActiveCfg = Debug|Any CPU
		{8C07C397-8772-4654-8C45-83C6F0FAE113}.Debug|Any CPU.Build.0 = Debug|Any CPU
		{8C07C397-8772-4654-8C45-83C6F0FAE113}.Debug|x64.ActiveCfg = Debug|Any CPU
		{8C07C397-8772-4654-8C45-83C6F0FAE113}.Debug|x64.Build.0 = Debug|Any CPU
		{8C07C397-8772-4654-8C45-83C6F0FAE113}.Debug|x86.ActiveCfg = Debug|Any CPU
		{8C07C397-8772-4654-8C45-83C6F0FAE113}.Debug|x86.Build.0 = Debug|Any CPU
		{8C07C397-8772-4654-8C45-83C6F0FAE113}.Release|Any CPU.ActiveCfg = Release|Any CPU
		{8C07C397-8772-4654-8C45-83C6F0FAE113}.Release|Any CPU.Build.0 = Release|Any CPU
		{8C07C397-8772-4654-8C45-83C6F0FAE113}.Release|x64.ActiveCfg = Release|Any CPU
		{8C07C397-8772-4654-8C45-83C6F0FAE113}.Release|x64.Build.0 = Release|Any CPU
		{8C07C397-8772-4654-8C45-83C6F0FAE113}.Release|x86.ActiveCfg = Release|Any CPU
		{8C07C397-8772-4654-8C45-83C6F0FAE113}.Release|x86.Build.0 = Release|Any CPU
		{ED00D2E4-B342-48E5-B1C9-1FC573122758}.Debug|Any CPU.ActiveCfg = Debug|Any CPU
		{ED00D2E4-B342-48E5-B1C9-1FC573122758}.Debug|Any CPU.Build.0 = Debug|Any CPU
		{ED00D2E4-B342-48E5-B1C9-1FC573122758}.Debug|x64.ActiveCfg = Debug|Any CPU
		{ED00D2E4-B342-48E5-B1C9-1FC573122758}.Debug|x64.Build.0 = Debug|Any CPU
		{ED00D2E4-B342-48E5-B1C9-1FC573122758}.Debug|x86.ActiveCfg = Debug|Any CPU
		{ED00D2E4-B342-48E5-B1C9-1FC573122758}.Debug|x86.Build.0 = Debug|Any CPU
		{ED00D2E4-B342-48E5-B1C9-1FC573122758}.Release|Any CPU.ActiveCfg = Release|Any CPU
		{ED00D2E4-B342-48E5-B1C9-1FC573122758}.Release|Any CPU.Build.0 = Release|Any CPU
		{ED00D2E4-B342-48E5-B1C9-1FC573122758}.Release|x64.ActiveCfg = Release|Any CPU
		{ED00D2E4-B342-48E5-B1C9-1FC573122758}.Release|x64.Build.0 = Release|Any CPU
		{ED00D2E4-B342-48E5-B1C9-1FC573122758}.Release|x86.ActiveCfg = Release|Any CPU
		{ED00D2E4-B342-48E5-B1C9-1FC573122758}.Release|x86.Build.0 = Release|Any CPU
		{8B8BB084-DDA1-43C1-AB2C-95C03EEF09D9}.Debug|Any CPU.ActiveCfg = Debug|Any CPU
		{8B8BB084-DDA1-43C1-AB2C-95C03EEF09D9}.Debug|Any CPU.Build.0 = Debug|Any CPU
		{8B8BB084-DDA1-43C1-AB2C-95C03EEF09D9}.Debug|x64.ActiveCfg = Debug|Any CPU
		{8B8BB084-DDA1-43C1-AB2C-95C03EEF09D9}.Debug|x64.Build.0 = Debug|Any CPU
		{8B8BB084-DDA1-43C1-AB2C-95C03EEF09D9}.Debug|x86.ActiveCfg = Debug|Any CPU
		{8B8BB084-DDA1-43C1-AB2C-95C03EEF09D9}.Debug|x86.Build.0 = Debug|Any CPU
		{8B8BB084-DDA1-43C1-AB2C-95C03EEF09D9}.Release|Any CPU.ActiveCfg = Release|Any CPU
		{8B8BB084-DDA1-43C1-AB2C-95C03EEF09D9}.Release|Any CPU.Build.0 = Release|Any CPU
		{8B8BB084-DDA1-43C1-AB2C-95C03EEF09D9}.Release|x64.ActiveCfg = Release|Any CPU
		{8B8BB084-DDA1-43C1-AB2C-95C03EEF09D9}.Release|x64.Build.0 = Release|Any CPU
		{8B8BB084-DDA1-43C1-AB2C-95C03EEF09D9}.Release|x86.ActiveCfg = Release|Any CPU
		{8B8BB084-DDA1-43C1-AB2C-95C03EEF09D9}.Release|x86.Build.0 = Release|Any CPU
	EndGlobalSection
	GlobalSection(SolutionProperties) = preSolution
		HideSolutionNode = FALSE
	EndGlobalSection
	GlobalSection(NestedProjects) = preSolution
		{6329C7B0-5582-4FAE-ABFF-000C5D302058} = {51900A83-D802-45D8-B2F7-317A76DDF8FF}
		{8F1944FE-27AC-4C2E-B6E0-4BA5813BE0DD} = {0CDE7822-1720-4FFA-9051-A93346D36B82}
		{E354963F-4223-4031-902C-464F39308558} = {51900A83-D802-45D8-B2F7-317A76DDF8FF}
		{E7F303F0-DB12-4A00-82D3-B0AC2F35A85A} = {51900A83-D802-45D8-B2F7-317A76DDF8FF}
		{82933460-50DA-4441-BBFB-40F37402A1F1} = {62359C33-A1D1-4AD9-978B-951ED7D71416}
		{8EC60C79-67F2-4ACD-BD0A-8462B3A72049} = {0CDE7822-1720-4FFA-9051-A93346D36B82}
		{6E61A6EB-77EB-4487-889C-B9C937CCEA67} = {73010732-9FFB-445D-9EB3-5DCD95EBD1EB}
		{2DE1613F-EDB2-4667-8E6F-B96E463AEE7C} = {0CDE7822-1720-4FFA-9051-A93346D36B82}
		{82CD0CF7-EDFA-40F1-932A-2C9E62303932} = {51900A83-D802-45D8-B2F7-317A76DDF8FF}
		{FF506A61-720A-4CB1-A7CF-8B4CA49F4C24} = {62359C33-A1D1-4AD9-978B-951ED7D71416}
		{BFB34E80-D6B3-41EF-8331-A23906006149} = {73010732-9FFB-445D-9EB3-5DCD95EBD1EB}
		{B0DC3CF2-3715-4A99-803A-B734ED29E753} = {0CDE7822-1720-4FFA-9051-A93346D36B82}
		{3FB44D75-3752-4BE2-BED7-4672830FA729} = {62359C33-A1D1-4AD9-978B-951ED7D71416}
		{49CFB8B6-B003-4C7D-B412-C4B030178A4B} = {9AB2C003-D048-443E-9CFB-C60D6D3D3088}
		{2FCC0C92-393B-4A2D-8B7B-C861F2261402} = {73010732-9FFB-445D-9EB3-5DCD95EBD1EB}
		{58076C58-BB2A-40E7-AA18-03E0D4A45969} = {0CDE7822-1720-4FFA-9051-A93346D36B82}
		{EA74E52F-4907-44DD-ADEB-FF6B07B60EB3} = {73010732-9FFB-445D-9EB3-5DCD95EBD1EB}
		{77BD304B-822B-49E6-9707-849DA45AA2F5} = {51900A83-D802-45D8-B2F7-317A76DDF8FF}
		{B50F4EC4-4C3C-447B-8621-D00D1F1A1647} = {73010732-9FFB-445D-9EB3-5DCD95EBD1EB}
		{8C07C397-8772-4654-8C45-83C6F0FAE113} = {62359C33-A1D1-4AD9-978B-951ED7D71416}
		{ED00D2E4-B342-48E5-B1C9-1FC573122758} = {73010732-9FFB-445D-9EB3-5DCD95EBD1EB}
		{8B8BB084-DDA1-43C1-AB2C-95C03EEF09D9} = {73010732-9FFB-445D-9EB3-5DCD95EBD1EB}
	EndGlobalSection
	GlobalSection(ExtensibilityGlobals) = postSolution
		SolutionGuid = {19CADA86-3761-4633-8FB1-9F83C25A6D52}
	EndGlobalSection
EndGlobal
